// !$*UTF8*$!
{
	archiveVersion = 1;
	classes = {
	};
	objectVersion = 55;
	objects = {

/* Begin PBXBuildFile section */
		851E71EC29069D00008A3DE7 /* AppDelegate.swift in Sources */ = {isa = PBXBuildFile; fileRef = 851E71EB29069D00008A3DE7 /* AppDelegate.swift */; };
		851E71EE29069D00008A3DE7 /* SceneDelegate.swift in Sources */ = {isa = PBXBuildFile; fileRef = 851E71ED29069D00008A3DE7 /* SceneDelegate.swift */; };
		851E71F529069D04008A3DE7 /* Assets.xcassets in Resources */ = {isa = PBXBuildFile; fileRef = 851E71F429069D04008A3DE7 /* Assets.xcassets */; };
		851E71F829069D04008A3DE7 /* LaunchScreen.storyboard in Resources */ = {isa = PBXBuildFile; fileRef = 851E71F629069D04008A3DE7 /* LaunchScreen.storyboard */; };
		851E72042906E286008A3DE7 /* MovieCatalogViewController.swift in Sources */ = {isa = PBXBuildFile; fileRef = 851E72032906E286008A3DE7 /* MovieCatalogViewController.swift */; };
		851E72092906EFD3008A3DE7 /* NetworkService.swift in Sources */ = {isa = PBXBuildFile; fileRef = 851E72082906EFD3008A3DE7 /* NetworkService.swift */; };
		851E720C2906EFF8008A3DE7 /* NetworkApi.swift in Sources */ = {isa = PBXBuildFile; fileRef = 851E720B2906EFF8008A3DE7 /* NetworkApi.swift */; };
		851E720E2906F1F9008A3DE7 /* NetworkServiceProtocol.swift in Sources */ = {isa = PBXBuildFile; fileRef = 851E720D2906F1F9008A3DE7 /* NetworkServiceProtocol.swift */; };
		851E72132906F3D6008A3DE7 /* Movie.swift in Sources */ = {isa = PBXBuildFile; fileRef = 851E72122906F3D6008A3DE7 /* Movie.swift */; };
		851E7216290725CE008A3DE7 /* MovieCatalogTableViewCell.swift in Sources */ = {isa = PBXBuildFile; fileRef = 851E7215290725CE008A3DE7 /* MovieCatalogTableViewCell.swift */; };
		851E721B2907D3BD008A3DE7 /* Urbanist-ExtraBold.ttf in Resources */ = {isa = PBXBuildFile; fileRef = 851E721A2907D3BD008A3DE7 /* Urbanist-ExtraBold.ttf */; };
		851E721E2907D829008A3DE7 /* ImageLoader.swift in Sources */ = {isa = PBXBuildFile; fileRef = 851E721D2907D829008A3DE7 /* ImageLoader.swift */; };
		851E722029084F02008A3DE7 /* Urbanist-Bold.ttf in Resources */ = {isa = PBXBuildFile; fileRef = 851E721F29084F02008A3DE7 /* Urbanist-Bold.ttf */; };
		851E7222290854C8008A3DE7 /* Urbanist-Medium.ttf in Resources */ = {isa = PBXBuildFile; fileRef = 851E7221290854C8008A3DE7 /* Urbanist-Medium.ttf */; };
		851E722D29085794008A3DE7 /* DateFormatter+Extension.swift in Sources */ = {isa = PBXBuildFile; fileRef = 851E722C29085794008A3DE7 /* DateFormatter+Extension.swift */; };
		851E722F29087C53008A3DE7 /* SegmentControl.swift in Sources */ = {isa = PBXBuildFile; fileRef = 851E722E29087C53008A3DE7 /* SegmentControl.swift */; };
		851E7232290997D3008A3DE7 /* MovieDetailViewController.swift in Sources */ = {isa = PBXBuildFile; fileRef = 851E7231290997D3008A3DE7 /* MovieDetailViewController.swift */; };
		851E7236290997EC008A3DE7 /* MovieDetail.swift in Sources */ = {isa = PBXBuildFile; fileRef = 851E7235290997EC008A3DE7 /* MovieDetail.swift */; };
		851E723C290A9D6E008A3DE7 /* Video.swift in Sources */ = {isa = PBXBuildFile; fileRef = 851E723B290A9D6E008A3DE7 /* Video.swift */; };
		851E7240290A9E5C008A3DE7 /* Actor.swift in Sources */ = {isa = PBXBuildFile; fileRef = 851E723F290A9E5C008A3DE7 /* Actor.swift */; };
		851E7243290AA162008A3DE7 /* ActorCollectionViewCell.swift in Sources */ = {isa = PBXBuildFile; fileRef = 851E7242290AA162008A3DE7 /* ActorCollectionViewCell.swift */; };
		851E7245290ABB27008A3DE7 /* UIViewController+Extension.swift in Sources */ = {isa = PBXBuildFile; fileRef = 851E7244290ABB27008A3DE7 /* UIViewController+Extension.swift */; };
		851E7250290B3007008A3DE7 /* RequestType.swift in Sources */ = {isa = PBXBuildFile; fileRef = 851E724F290B3006008A3DE7 /* RequestType.swift */; };
		85589E94290FD27A00A43BE6 /* UIImage+Extension.swift in Sources */ = {isa = PBXBuildFile; fileRef = 85589E93290FD27A00A43BE6 /* UIImage+Extension.swift */; };
		85589E96290FDA5300A43BE6 /* NetworkCoreService.swift in Sources */ = {isa = PBXBuildFile; fileRef = 85589E95290FDA5300A43BE6 /* NetworkCoreService.swift */; };
		85589E98290FE2B900A43BE6 /* ImageCache.swift in Sources */ = {isa = PBXBuildFile; fileRef = 85589E97290FE2B900A43BE6 /* ImageCache.swift */; };
		85594180296EEB33005751F2 /* Realm in Frameworks */ = {isa = PBXBuildFile; productRef = 8559417F296EEB33005751F2 /* Realm */; };
		85594182296EEB33005751F2 /* RealmSwift in Frameworks */ = {isa = PBXBuildFile; productRef = 85594181296EEB33005751F2 /* RealmSwift */; };
		85594185296EEF5E005751F2 /* RealmService.swift in Sources */ = {isa = PBXBuildFile; fileRef = 85594184296EEF5E005751F2 /* RealmService.swift */; };
		8559419029704EA7005751F2 /* RealmServiceProtocol.swift in Sources */ = {isa = PBXBuildFile; fileRef = 8559418F29704EA7005751F2 /* RealmServiceProtocol.swift */; };
		8559419D29708F65005751F2 /* StorageService.swift in Sources */ = {isa = PBXBuildFile; fileRef = 8559419C29708F65005751F2 /* StorageService.swift */; };
		855941A32970B1F6005751F2 /* KeychainAccess in Frameworks */ = {isa = PBXBuildFile; productRef = 855941A22970B1F6005751F2 /* KeychainAccess */; };
		85D41995296C5F780065A8E8 /* Alamofire in Frameworks */ = {isa = PBXBuildFile; productRef = 85D41994296C5F780065A8E8 /* Alamofire */; };
		85D41998296C5FF40065A8E8 /* SwiftyJSON in Frameworks */ = {isa = PBXBuildFile; productRef = 85D41997296C5FF40065A8E8 /* SwiftyJSON */; };
		85D4199D296DB4320065A8E8 /* BuilderProtocol.swift in Sources */ = {isa = PBXBuildFile; fileRef = 85D4199C296DB4320065A8E8 /* BuilderProtocol.swift */; };
		85D4199F296DB46A0065A8E8 /* Builder.swift in Sources */ = {isa = PBXBuildFile; fileRef = 85D4199E296DB46A0065A8E8 /* Builder.swift */; };
		85D419A2296DD28F0065A8E8 /* MovieCatalogViewProtocol.swift in Sources */ = {isa = PBXBuildFile; fileRef = 85D419A1296DD28F0065A8E8 /* MovieCatalogViewProtocol.swift */; };
		85D419A4296DD3000065A8E8 /* MovieCatalogPresenter.swift in Sources */ = {isa = PBXBuildFile; fileRef = 85D419A3296DD3000065A8E8 /* MovieCatalogPresenter.swift */; };
		85D419A6296DD30B0065A8E8 /* MovieCatalogPresenterProtocol.swift in Sources */ = {isa = PBXBuildFile; fileRef = 85D419A5296DD30B0065A8E8 /* MovieCatalogPresenterProtocol.swift */; };
		85D419A9296DF7FA0065A8E8 /* MovieDetailViewProtocol.swift in Sources */ = {isa = PBXBuildFile; fileRef = 85D419A8296DF7FA0065A8E8 /* MovieDetailViewProtocol.swift */; };
		85D419AB296DF8810065A8E8 /* MovieDetailPresenter.swift in Sources */ = {isa = PBXBuildFile; fileRef = 85D419AA296DF8810065A8E8 /* MovieDetailPresenter.swift */; };
		85D419AD296DF8890065A8E8 /* MovieDetailPresenterProtocol.swift in Sources */ = {isa = PBXBuildFile; fileRef = 85D419AC296DF8890065A8E8 /* MovieDetailPresenterProtocol.swift */; };
		85D419B0296E16A80065A8E8 /* RouterMainProtocol.swift in Sources */ = {isa = PBXBuildFile; fileRef = 85D419AF296E16A80065A8E8 /* RouterMainProtocol.swift */; };
		85D419B2296E17670065A8E8 /* RouterProtocol.swift in Sources */ = {isa = PBXBuildFile; fileRef = 85D419B1296E17670065A8E8 /* RouterProtocol.swift */; };
		85D419B4296E180A0065A8E8 /* Router.swift in Sources */ = {isa = PBXBuildFile; fileRef = 85D419B3296E180A0065A8E8 /* Router.swift */; };
/* End PBXBuildFile section */

/* Begin PBXFileReference section */
		851E71E829069D00008A3DE7 /* Movies_mvp.app */ = {isa = PBXFileReference; explicitFileType = wrapper.application; includeInIndex = 0; path = Movies_mvp.app; sourceTree = BUILT_PRODUCTS_DIR; };
		851E71EB29069D00008A3DE7 /* AppDelegate.swift */ = {isa = PBXFileReference; lastKnownFileType = sourcecode.swift; path = AppDelegate.swift; sourceTree = "<group>"; };
		851E71ED29069D00008A3DE7 /* SceneDelegate.swift */ = {isa = PBXFileReference; lastKnownFileType = sourcecode.swift; path = SceneDelegate.swift; sourceTree = "<group>"; };
		851E71F429069D04008A3DE7 /* Assets.xcassets */ = {isa = PBXFileReference; lastKnownFileType = folder.assetcatalog; path = Assets.xcassets; sourceTree = "<group>"; };
		851E71F729069D04008A3DE7 /* Base */ = {isa = PBXFileReference; lastKnownFileType = file.storyboard; name = Base; path = Base.lproj/LaunchScreen.storyboard; sourceTree = "<group>"; };
		851E71F929069D04008A3DE7 /* Info.plist */ = {isa = PBXFileReference; lastKnownFileType = text.plist.xml; path = Info.plist; sourceTree = "<group>"; };
		851E72032906E286008A3DE7 /* MovieCatalogViewController.swift */ = {isa = PBXFileReference; lastKnownFileType = sourcecode.swift; path = MovieCatalogViewController.swift; sourceTree = "<group>"; };
		851E72082906EFD3008A3DE7 /* NetworkService.swift */ = {isa = PBXFileReference; lastKnownFileType = sourcecode.swift; path = NetworkService.swift; sourceTree = "<group>"; };
		851E720B2906EFF8008A3DE7 /* NetworkApi.swift */ = {isa = PBXFileReference; lastKnownFileType = sourcecode.swift; path = NetworkApi.swift; sourceTree = "<group>"; };
		851E720D2906F1F9008A3DE7 /* NetworkServiceProtocol.swift */ = {isa = PBXFileReference; lastKnownFileType = sourcecode.swift; path = NetworkServiceProtocol.swift; sourceTree = "<group>"; };
		851E72122906F3D6008A3DE7 /* Movie.swift */ = {isa = PBXFileReference; lastKnownFileType = sourcecode.swift; path = Movie.swift; sourceTree = "<group>"; };
		851E7215290725CE008A3DE7 /* MovieCatalogTableViewCell.swift */ = {isa = PBXFileReference; lastKnownFileType = sourcecode.swift; path = MovieCatalogTableViewCell.swift; sourceTree = "<group>"; };
		851E721A2907D3BD008A3DE7 /* Urbanist-ExtraBold.ttf */ = {isa = PBXFileReference; lastKnownFileType = file; path = "Urbanist-ExtraBold.ttf"; sourceTree = "<group>"; };
		851E721D2907D829008A3DE7 /* ImageLoader.swift */ = {isa = PBXFileReference; lastKnownFileType = sourcecode.swift; path = ImageLoader.swift; sourceTree = "<group>"; };
		851E721F29084F02008A3DE7 /* Urbanist-Bold.ttf */ = {isa = PBXFileReference; lastKnownFileType = file; path = "Urbanist-Bold.ttf"; sourceTree = "<group>"; };
		851E7221290854C8008A3DE7 /* Urbanist-Medium.ttf */ = {isa = PBXFileReference; lastKnownFileType = file; path = "Urbanist-Medium.ttf"; sourceTree = "<group>"; };
		851E722C29085794008A3DE7 /* DateFormatter+Extension.swift */ = {isa = PBXFileReference; lastKnownFileType = sourcecode.swift; path = "DateFormatter+Extension.swift"; sourceTree = "<group>"; };
		851E722E29087C53008A3DE7 /* SegmentControl.swift */ = {isa = PBXFileReference; lastKnownFileType = sourcecode.swift; path = SegmentControl.swift; sourceTree = "<group>"; };
		851E7231290997D3008A3DE7 /* MovieDetailViewController.swift */ = {isa = PBXFileReference; lastKnownFileType = sourcecode.swift; path = MovieDetailViewController.swift; sourceTree = "<group>"; };
		851E7235290997EC008A3DE7 /* MovieDetail.swift */ = {isa = PBXFileReference; lastKnownFileType = sourcecode.swift; path = MovieDetail.swift; sourceTree = "<group>"; };
		851E723B290A9D6E008A3DE7 /* Video.swift */ = {isa = PBXFileReference; lastKnownFileType = sourcecode.swift; path = Video.swift; sourceTree = "<group>"; };
		851E723F290A9E5C008A3DE7 /* Actor.swift */ = {isa = PBXFileReference; lastKnownFileType = sourcecode.swift; path = Actor.swift; sourceTree = "<group>"; };
		851E7242290AA162008A3DE7 /* ActorCollectionViewCell.swift */ = {isa = PBXFileReference; lastKnownFileType = sourcecode.swift; path = ActorCollectionViewCell.swift; sourceTree = "<group>"; };
		851E7244290ABB27008A3DE7 /* UIViewController+Extension.swift */ = {isa = PBXFileReference; lastKnownFileType = sourcecode.swift; path = "UIViewController+Extension.swift"; sourceTree = "<group>"; };
		851E724F290B3006008A3DE7 /* RequestType.swift */ = {isa = PBXFileReference; lastKnownFileType = sourcecode.swift; path = RequestType.swift; sourceTree = "<group>"; };
		85589E93290FD27A00A43BE6 /* UIImage+Extension.swift */ = {isa = PBXFileReference; lastKnownFileType = sourcecode.swift; path = "UIImage+Extension.swift"; sourceTree = "<group>"; };
		85589E95290FDA5300A43BE6 /* NetworkCoreService.swift */ = {isa = PBXFileReference; lastKnownFileType = sourcecode.swift; path = NetworkCoreService.swift; sourceTree = "<group>"; };
		85589E97290FE2B900A43BE6 /* ImageCache.swift */ = {isa = PBXFileReference; lastKnownFileType = sourcecode.swift; path = ImageCache.swift; sourceTree = "<group>"; };
		85594184296EEF5E005751F2 /* RealmService.swift */ = {isa = PBXFileReference; lastKnownFileType = sourcecode.swift; path = RealmService.swift; sourceTree = "<group>"; };
		8559418F29704EA7005751F2 /* RealmServiceProtocol.swift */ = {isa = PBXFileReference; lastKnownFileType = sourcecode.swift; path = RealmServiceProtocol.swift; sourceTree = "<group>"; };
		8559419C29708F65005751F2 /* StorageService.swift */ = {isa = PBXFileReference; lastKnownFileType = sourcecode.swift; path = StorageService.swift; sourceTree = "<group>"; };
		85D4199C296DB4320065A8E8 /* BuilderProtocol.swift */ = {isa = PBXFileReference; lastKnownFileType = sourcecode.swift; path = BuilderProtocol.swift; sourceTree = "<group>"; };
		85D4199E296DB46A0065A8E8 /* Builder.swift */ = {isa = PBXFileReference; lastKnownFileType = sourcecode.swift; path = Builder.swift; sourceTree = "<group>"; };
		85D419A1296DD28F0065A8E8 /* MovieCatalogViewProtocol.swift */ = {isa = PBXFileReference; lastKnownFileType = sourcecode.swift; path = MovieCatalogViewProtocol.swift; sourceTree = "<group>"; };
		85D419A3296DD3000065A8E8 /* MovieCatalogPresenter.swift */ = {isa = PBXFileReference; lastKnownFileType = sourcecode.swift; path = MovieCatalogPresenter.swift; sourceTree = "<group>"; };
		85D419A5296DD30B0065A8E8 /* MovieCatalogPresenterProtocol.swift */ = {isa = PBXFileReference; lastKnownFileType = sourcecode.swift; path = MovieCatalogPresenterProtocol.swift; sourceTree = "<group>"; };
		85D419A8296DF7FA0065A8E8 /* MovieDetailViewProtocol.swift */ = {isa = PBXFileReference; lastKnownFileType = sourcecode.swift; path = MovieDetailViewProtocol.swift; sourceTree = "<group>"; };
		85D419AA296DF8810065A8E8 /* MovieDetailPresenter.swift */ = {isa = PBXFileReference; lastKnownFileType = sourcecode.swift; path = MovieDetailPresenter.swift; sourceTree = "<group>"; };
		85D419AC296DF8890065A8E8 /* MovieDetailPresenterProtocol.swift */ = {isa = PBXFileReference; lastKnownFileType = sourcecode.swift; path = MovieDetailPresenterProtocol.swift; sourceTree = "<group>"; };
		85D419AF296E16A80065A8E8 /* RouterMainProtocol.swift */ = {isa = PBXFileReference; lastKnownFileType = sourcecode.swift; path = RouterMainProtocol.swift; sourceTree = "<group>"; };
		85D419B1296E17670065A8E8 /* RouterProtocol.swift */ = {isa = PBXFileReference; lastKnownFileType = sourcecode.swift; path = RouterProtocol.swift; sourceTree = "<group>"; };
		85D419B3296E180A0065A8E8 /* Router.swift */ = {isa = PBXFileReference; lastKnownFileType = sourcecode.swift; path = Router.swift; sourceTree = "<group>"; };
/* End PBXFileReference section */

/* Begin PBXFrameworksBuildPhase section */
		851E71E529069D00008A3DE7 /* Frameworks */ = {
			isa = PBXFrameworksBuildPhase;
			buildActionMask = 2147483647;
			files = (
				85594182296EEB33005751F2 /* RealmSwift in Frameworks */,
				85594180296EEB33005751F2 /* Realm in Frameworks */,
				85D41998296C5FF40065A8E8 /* SwiftyJSON in Frameworks */,
				85D41995296C5F780065A8E8 /* Alamofire in Frameworks */,
				855941A32970B1F6005751F2 /* KeychainAccess in Frameworks */,
			);
			runOnlyForDeploymentPostprocessing = 0;
		};
/* End PBXFrameworksBuildPhase section */

/* Begin PBXGroup section */
		851E71DF29069D00008A3DE7 = {
			isa = PBXGroup;
			children = (
				851E71EA29069D00008A3DE7 /* Movies_mvp */,
				851E71E929069D00008A3DE7 /* Products */,
			);
			sourceTree = "<group>";
		};
		851E71E929069D00008A3DE7 /* Products */ = {
			isa = PBXGroup;
			children = (
				851E71E829069D00008A3DE7 /* Movies_mvp.app */,
			);
			name = Products;
			sourceTree = "<group>";
		};
		851E71EA29069D00008A3DE7 /* Movies_mvp */ = {
			isa = PBXGroup;
			children = (
				851E71EB29069D00008A3DE7 /* AppDelegate.swift */,
				851E71ED29069D00008A3DE7 /* SceneDelegate.swift */,
				851E72012906E263008A3DE7 /* MovieCatalogViewController */,
				851E7230290997B4008A3DE7 /* MovieDetailViewController */,
				851E72062906EEC4008A3DE7 /* Core */,
				85D41999296DACD30065A8E8 /* Common */,
				851E72182907D3A9008A3DE7 /* Helper */,
				851E721C2907D80B008A3DE7 /* Extensions */,
				851E71F429069D04008A3DE7 /* Assets.xcassets */,
				851E71F929069D04008A3DE7 /* Info.plist */,
				851E72052906E3C2008A3DE7 /* Storyboard */,
			);
			path = Movies_mvp;
			sourceTree = "<group>";
		};
		851E72012906E263008A3DE7 /* MovieCatalogViewController */ = {
			isa = PBXGroup;
			children = (
				85D419A0296DD2770065A8E8 /* Presenter */,
				851E720F2906F256008A3DE7 /* Model */,
				851E72022906E26F008A3DE7 /* ViewController */,
			);
			path = MovieCatalogViewController;
			sourceTree = "<group>";
		};
		851E72022906E26F008A3DE7 /* ViewController */ = {
			isa = PBXGroup;
			children = (
				851E7214290725A0008A3DE7 /* Cell */,
				851E72032906E286008A3DE7 /* MovieCatalogViewController.swift */,
				85D419A1296DD28F0065A8E8 /* MovieCatalogViewProtocol.swift */,
			);
			path = ViewController;
			sourceTree = "<group>";
		};
		851E72052906E3C2008A3DE7 /* Storyboard */ = {
			isa = PBXGroup;
			children = (
				851E71F629069D04008A3DE7 /* LaunchScreen.storyboard */,
			);
			path = Storyboard;
			sourceTree = "<group>";
		};
		851E72062906EEC4008A3DE7 /* Core */ = {
			isa = PBXGroup;
			children = (
				8559419B29708F50005751F2 /* StorageService */,
				85594183296EEF33005751F2 /* RealmService */,
				85D419AE296E169A0065A8E8 /* Router */,
				85D4199B296DB41F0065A8E8 /* Builder */,
				851E720A2906EFEC008A3DE7 /* NetworkApi */,
				851E72072906EF99008A3DE7 /* NetworkService */,
			);
			path = Core;
			sourceTree = "<group>";
		};
		851E72072906EF99008A3DE7 /* NetworkService */ = {
			isa = PBXGroup;
			children = (
				851E72082906EFD3008A3DE7 /* NetworkService.swift */,
				851E720D2906F1F9008A3DE7 /* NetworkServiceProtocol.swift */,
				85589E95290FDA5300A43BE6 /* NetworkCoreService.swift */,
			);
			path = NetworkService;
			sourceTree = "<group>";
		};
		851E720A2906EFEC008A3DE7 /* NetworkApi */ = {
			isa = PBXGroup;
			children = (
				851E720B2906EFF8008A3DE7 /* NetworkApi.swift */,
				851E724F290B3006008A3DE7 /* RequestType.swift */,
			);
			path = NetworkApi;
			sourceTree = "<group>";
		};
		851E720F2906F256008A3DE7 /* Model */ = {
			isa = PBXGroup;
			children = (
				851E72122906F3D6008A3DE7 /* Movie.swift */,
			);
			path = Model;
			sourceTree = "<group>";
		};
		851E7214290725A0008A3DE7 /* Cell */ = {
			isa = PBXGroup;
			children = (
				851E7215290725CE008A3DE7 /* MovieCatalogTableViewCell.swift */,
			);
			path = Cell;
			sourceTree = "<group>";
		};
		851E72182907D3A9008A3DE7 /* Helper */ = {
			isa = PBXGroup;
			children = (
				85D95933290FEFEA001FA5DC /* ImageLoader */,
				851E72192907D3B1008A3DE7 /* Fonts */,
			);
			path = Helper;
			sourceTree = "<group>";
		};
		851E72192907D3B1008A3DE7 /* Fonts */ = {
			isa = PBXGroup;
			children = (
				851E7221290854C8008A3DE7 /* Urbanist-Medium.ttf */,
				851E721F29084F02008A3DE7 /* Urbanist-Bold.ttf */,
				851E721A2907D3BD008A3DE7 /* Urbanist-ExtraBold.ttf */,
			);
			path = Fonts;
			sourceTree = "<group>";
		};
		851E721C2907D80B008A3DE7 /* Extensions */ = {
			isa = PBXGroup;
			children = (
				851E722C29085794008A3DE7 /* DateFormatter+Extension.swift */,
				851E7244290ABB27008A3DE7 /* UIViewController+Extension.swift */,
				85589E93290FD27A00A43BE6 /* UIImage+Extension.swift */,
			);
			path = Extensions;
			sourceTree = "<group>";
		};
		851E7230290997B4008A3DE7 /* MovieDetailViewController */ = {
			isa = PBXGroup;
			children = (
				85D419A7296DF3F20065A8E8 /* Presenter */,
				851E7234290997DE008A3DE7 /* Model */,
				851E7233290997D6008A3DE7 /* ViewController */,
			);
			path = MovieDetailViewController;
			sourceTree = "<group>";
		};
		851E7233290997D6008A3DE7 /* ViewController */ = {
			isa = PBXGroup;
			children = (
				851E7241290AA13D008A3DE7 /* Cells */,
				851E7231290997D3008A3DE7 /* MovieDetailViewController.swift */,
				85D419A8296DF7FA0065A8E8 /* MovieDetailViewProtocol.swift */,
			);
			path = ViewController;
			sourceTree = "<group>";
		};
		851E7234290997DE008A3DE7 /* Model */ = {
			isa = PBXGroup;
			children = (
				851E7235290997EC008A3DE7 /* MovieDetail.swift */,
				851E723B290A9D6E008A3DE7 /* Video.swift */,
				851E723F290A9E5C008A3DE7 /* Actor.swift */,
			);
			path = Model;
			sourceTree = "<group>";
		};
		851E7241290AA13D008A3DE7 /* Cells */ = {
			isa = PBXGroup;
			children = (
				851E7242290AA162008A3DE7 /* ActorCollectionViewCell.swift */,
			);
			path = Cells;
			sourceTree = "<group>";
		};
		85594183296EEF33005751F2 /* RealmService */ = {
			isa = PBXGroup;
			children = (
				85594184296EEF5E005751F2 /* RealmService.swift */,
				8559418F29704EA7005751F2 /* RealmServiceProtocol.swift */,
			);
			path = RealmService;
			sourceTree = "<group>";
		};
		8559419B29708F50005751F2 /* StorageService */ = {
			isa = PBXGroup;
			children = (
				8559419C29708F65005751F2 /* StorageService.swift */,
			);
			path = StorageService;
			sourceTree = "<group>";
		};
		85D41999296DACD30065A8E8 /* Common */ = {
			isa = PBXGroup;
			children = (
				85D4199A296DACE40065A8E8 /* SegmentControl */,
			);
			path = Common;
			sourceTree = "<group>";
		};
		85D4199A296DACE40065A8E8 /* SegmentControl */ = {
			isa = PBXGroup;
			children = (
				851E722E29087C53008A3DE7 /* SegmentControl.swift */,
			);
			path = SegmentControl;
			sourceTree = "<group>";
		};
		85D4199B296DB41F0065A8E8 /* Builder */ = {
			isa = PBXGroup;
			children = (
				85D4199C296DB4320065A8E8 /* BuilderProtocol.swift */,
				85D4199E296DB46A0065A8E8 /* Builder.swift */,
			);
			path = Builder;
			sourceTree = "<group>";
		};
		85D419A0296DD2770065A8E8 /* Presenter */ = {
			isa = PBXGroup;
			children = (
				85D419A3296DD3000065A8E8 /* MovieCatalogPresenter.swift */,
				85D419A5296DD30B0065A8E8 /* MovieCatalogPresenterProtocol.swift */,
			);
			path = Presenter;
			sourceTree = "<group>";
		};
		85D419A7296DF3F20065A8E8 /* Presenter */ = {
			isa = PBXGroup;
			children = (
				85D419AA296DF8810065A8E8 /* MovieDetailPresenter.swift */,
				85D419AC296DF8890065A8E8 /* MovieDetailPresenterProtocol.swift */,
			);
			path = Presenter;
			sourceTree = "<group>";
		};
		85D419AE296E169A0065A8E8 /* Router */ = {
			isa = PBXGroup;
			children = (
				85D419AF296E16A80065A8E8 /* RouterMainProtocol.swift */,
				85D419B1296E17670065A8E8 /* RouterProtocol.swift */,
				85D419B3296E180A0065A8E8 /* Router.swift */,
			);
			path = Router;
			sourceTree = "<group>";
		};
		85D95933290FEFEA001FA5DC /* ImageLoader */ = {
			isa = PBXGroup;
			children = (
				85589E97290FE2B900A43BE6 /* ImageCache.swift */,
				851E721D2907D829008A3DE7 /* ImageLoader.swift */,
			);
			path = ImageLoader;
			sourceTree = "<group>";
		};
/* End PBXGroup section */

/* Begin PBXNativeTarget section */
		851E71E729069D00008A3DE7 /* Movies_mvp */ = {
			isa = PBXNativeTarget;
			buildConfigurationList = 851E71FC29069D04008A3DE7 /* Build configuration list for PBXNativeTarget "Movies_mvp" */;
			buildPhases = (
				851E71E429069D00008A3DE7 /* Sources */,
				851E71E529069D00008A3DE7 /* Frameworks */,
				851E71E629069D00008A3DE7 /* Resources */,
				851E71FF2906DD0D008A3DE7 /* SwiftFormat */,
				851E72002906DF2E008A3DE7 /* SwiftLint */,
			);
			buildRules = (
			);
			dependencies = (
			);
			name = Movies_mvp;
			packageProductDependencies = (
				85D41994296C5F780065A8E8 /* Alamofire */,
				85D41997296C5FF40065A8E8 /* SwiftyJSON */,
				8559417F296EEB33005751F2 /* Realm */,
				85594181296EEB33005751F2 /* RealmSwift */,
				855941A22970B1F6005751F2 /* KeychainAccess */,
			);
			productName = movies_mvc;
			productReference = 851E71E829069D00008A3DE7 /* Movies_mvp.app */;
			productType = "com.apple.product-type.application";
		};
/* End PBXNativeTarget section */

/* Begin PBXProject section */
		851E71E029069D00008A3DE7 /* Project object */ = {
			isa = PBXProject;
			attributes = {
				BuildIndependentTargetsInParallel = 1;
				LastSwiftUpdateCheck = 1340;
				LastUpgradeCheck = 1340;
				TargetAttributes = {
					851E71E729069D00008A3DE7 = {
						CreatedOnToolsVersion = 13.4.1;
					};
				};
			};
			buildConfigurationList = 851E71E329069D00008A3DE7 /* Build configuration list for PBXProject "Movies_mvp" */;
			compatibilityVersion = "Xcode 13.0";
			developmentRegion = en;
			hasScannedForEncodings = 0;
			knownRegions = (
				en,
				Base,
			);
			mainGroup = 851E71DF29069D00008A3DE7;
			packageReferences = (
				85D41993296C5F780065A8E8 /* XCRemoteSwiftPackageReference "Alamofire" */,
				85D41996296C5FF40065A8E8 /* XCRemoteSwiftPackageReference "SwiftyJSON" */,
				8559417E296EEB33005751F2 /* XCRemoteSwiftPackageReference "realm-swift" */,
				855941A12970B1F6005751F2 /* XCRemoteSwiftPackageReference "KeychainAccess" */,
			);
			productRefGroup = 851E71E929069D00008A3DE7 /* Products */;
			projectDirPath = "";
			projectRoot = "";
			targets = (
				851E71E729069D00008A3DE7 /* Movies_mvp */,
			);
		};
/* End PBXProject section */

/* Begin PBXResourcesBuildPhase section */
		851E71E629069D00008A3DE7 /* Resources */ = {
			isa = PBXResourcesBuildPhase;
			buildActionMask = 2147483647;
			files = (
				851E71F829069D04008A3DE7 /* LaunchScreen.storyboard in Resources */,
				851E71F529069D04008A3DE7 /* Assets.xcassets in Resources */,
				851E721B2907D3BD008A3DE7 /* Urbanist-ExtraBold.ttf in Resources */,
				851E7222290854C8008A3DE7 /* Urbanist-Medium.ttf in Resources */,
				851E722029084F02008A3DE7 /* Urbanist-Bold.ttf in Resources */,
			);
			runOnlyForDeploymentPostprocessing = 0;
		};
/* End PBXResourcesBuildPhase section */

/* Begin PBXShellScriptBuildPhase section */
		851E71FF2906DD0D008A3DE7 /* SwiftFormat */ = {
			isa = PBXShellScriptBuildPhase;
			buildActionMask = 2147483647;
			files = (
			);
			inputFileListPaths = (
			);
			inputPaths = (
			);
			name = SwiftFormat;
			outputFileListPaths = (
			);
			outputPaths = (
			);
			runOnlyForDeploymentPostprocessing = 0;
			shellPath = /bin/sh;
			shellScript = "export PATH=\"$PATH:/opt/homebrew/bin\"\nif which swiftformat >/dev/null; then\n  swiftformat .\nelse\n  echo \"warning: SwiftFormat not installed, download from https://github.com/nicklockwood/SwiftFormat\"\n  fi\n";
		};
		851E72002906DF2E008A3DE7 /* SwiftLint */ = {
			isa = PBXShellScriptBuildPhase;
			buildActionMask = 2147483647;
			files = (
			);
			inputFileListPaths = (
			);
			inputPaths = (
			);
			name = SwiftLint;
			outputFileListPaths = (
			);
			outputPaths = (
			);
			runOnlyForDeploymentPostprocessing = 0;
			shellPath = /bin/sh;
			shellScript = "export PATH=\"$PATH:/opt/homebrew/bin\"\nif which swiftlint > /dev/null; then\n  swiftlint\nelse\n  echo \"warning: SwiftLint not installed, download from https://github.com/realm/SwiftLint\"\nfi\n";
		};
/* End PBXShellScriptBuildPhase section */

/* Begin PBXSourcesBuildPhase section */
		851E71E429069D00008A3DE7 /* Sources */ = {
			isa = PBXSourcesBuildPhase;
			buildActionMask = 2147483647;
			files = (
				85D4199F296DB46A0065A8E8 /* Builder.swift in Sources */,
				85594185296EEF5E005751F2 /* RealmService.swift in Sources */,
				851E721E2907D829008A3DE7 /* ImageLoader.swift in Sources */,
				85D419A9296DF7FA0065A8E8 /* MovieDetailViewProtocol.swift in Sources */,
				851E7236290997EC008A3DE7 /* MovieDetail.swift in Sources */,
				851E71EC29069D00008A3DE7 /* AppDelegate.swift in Sources */,
				85D419B2296E17670065A8E8 /* RouterProtocol.swift in Sources */,
				851E72042906E286008A3DE7 /* MovieCatalogViewController.swift in Sources */,
				85D419A6296DD30B0065A8E8 /* MovieCatalogPresenterProtocol.swift in Sources */,
				85D419B4296E180A0065A8E8 /* Router.swift in Sources */,
				851E7216290725CE008A3DE7 /* MovieCatalogTableViewCell.swift in Sources */,
				8559419029704EA7005751F2 /* RealmServiceProtocol.swift in Sources */,
				851E7232290997D3008A3DE7 /* MovieDetailViewController.swift in Sources */,
				85589E96290FDA5300A43BE6 /* NetworkCoreService.swift in Sources */,
				851E7240290A9E5C008A3DE7 /* Actor.swift in Sources */,
				851E72132906F3D6008A3DE7 /* Movie.swift in Sources */,
				851E720E2906F1F9008A3DE7 /* NetworkServiceProtocol.swift in Sources */,
				85589E98290FE2B900A43BE6 /* ImageCache.swift in Sources */,
				85589E94290FD27A00A43BE6 /* UIImage+Extension.swift in Sources */,
				851E72092906EFD3008A3DE7 /* NetworkService.swift in Sources */,
				85D419AB296DF8810065A8E8 /* MovieDetailPresenter.swift in Sources */,
				85D4199D296DB4320065A8E8 /* BuilderProtocol.swift in Sources */,
				85D419A2296DD28F0065A8E8 /* MovieCatalogViewProtocol.swift in Sources */,
				851E71EE29069D00008A3DE7 /* SceneDelegate.swift in Sources */,
				851E723C290A9D6E008A3DE7 /* Video.swift in Sources */,
				8559419D29708F65005751F2 /* StorageService.swift in Sources */,
				851E7243290AA162008A3DE7 /* ActorCollectionViewCell.swift in Sources */,
				85D419B0296E16A80065A8E8 /* RouterMainProtocol.swift in Sources */,
				85D419A4296DD3000065A8E8 /* MovieCatalogPresenter.swift in Sources */,
				851E722D29085794008A3DE7 /* DateFormatter+Extension.swift in Sources */,
				851E7245290ABB27008A3DE7 /* UIViewController+Extension.swift in Sources */,
				851E7250290B3007008A3DE7 /* RequestType.swift in Sources */,
				85D419AD296DF8890065A8E8 /* MovieDetailPresenterProtocol.swift in Sources */,
				851E720C2906EFF8008A3DE7 /* NetworkApi.swift in Sources */,
				851E722F29087C53008A3DE7 /* SegmentControl.swift in Sources */,
			);
			runOnlyForDeploymentPostprocessing = 0;
		};
/* End PBXSourcesBuildPhase section */

/* Begin PBXVariantGroup section */
		851E71F629069D04008A3DE7 /* LaunchScreen.storyboard */ = {
			isa = PBXVariantGroup;
			children = (
				851E71F729069D04008A3DE7 /* Base */,
			);
			name = LaunchScreen.storyboard;
			sourceTree = "<group>";
		};
/* End PBXVariantGroup section */

/* Begin XCBuildConfiguration section */
		851E71FA29069D04008A3DE7 /* Debug */ = {
			isa = XCBuildConfiguration;
			buildSettings = {
				ALWAYS_SEARCH_USER_PATHS = NO;
				CLANG_ANALYZER_NONNULL = YES;
				CLANG_ANALYZER_NUMBER_OBJECT_CONVERSION = YES_AGGRESSIVE;
				CLANG_CXX_LANGUAGE_STANDARD = "gnu++17";
				CLANG_ENABLE_MODULES = YES;
				CLANG_ENABLE_OBJC_ARC = YES;
				CLANG_ENABLE_OBJC_WEAK = YES;
				CLANG_WARN_BLOCK_CAPTURE_AUTORELEASING = YES;
				CLANG_WARN_BOOL_CONVERSION = YES;
				CLANG_WARN_COMMA = YES;
				CLANG_WARN_CONSTANT_CONVERSION = YES;
				CLANG_WARN_DEPRECATED_OBJC_IMPLEMENTATIONS = YES;
				CLANG_WARN_DIRECT_OBJC_ISA_USAGE = YES_ERROR;
				CLANG_WARN_DOCUMENTATION_COMMENTS = YES;
				CLANG_WARN_EMPTY_BODY = YES;
				CLANG_WARN_ENUM_CONVERSION = YES;
				CLANG_WARN_INFINITE_RECURSION = YES;
				CLANG_WARN_INT_CONVERSION = YES;
				CLANG_WARN_NON_LITERAL_NULL_CONVERSION = YES;
				CLANG_WARN_OBJC_IMPLICIT_RETAIN_SELF = YES;
				CLANG_WARN_OBJC_LITERAL_CONVERSION = YES;
				CLANG_WARN_OBJC_ROOT_CLASS = YES_ERROR;
				CLANG_WARN_QUOTED_INCLUDE_IN_FRAMEWORK_HEADER = YES;
				CLANG_WARN_RANGE_LOOP_ANALYSIS = YES;
				CLANG_WARN_STRICT_PROTOTYPES = YES;
				CLANG_WARN_SUSPICIOUS_MOVE = YES;
				CLANG_WARN_UNGUARDED_AVAILABILITY = YES_AGGRESSIVE;
				CLANG_WARN_UNREACHABLE_CODE = YES;
				CLANG_WARN__DUPLICATE_METHOD_MATCH = YES;
				COPY_PHASE_STRIP = NO;
				DEBUG_INFORMATION_FORMAT = dwarf;
				ENABLE_STRICT_OBJC_MSGSEND = YES;
				ENABLE_TESTABILITY = YES;
				GCC_C_LANGUAGE_STANDARD = gnu11;
				GCC_DYNAMIC_NO_PIC = NO;
				GCC_NO_COMMON_BLOCKS = YES;
				GCC_OPTIMIZATION_LEVEL = 0;
				GCC_PREPROCESSOR_DEFINITIONS = (
					"DEBUG=1",
					"$(inherited)",
				);
				GCC_WARN_64_TO_32_BIT_CONVERSION = YES;
				GCC_WARN_ABOUT_RETURN_TYPE = YES_ERROR;
				GCC_WARN_UNDECLARED_SELECTOR = YES;
				GCC_WARN_UNINITIALIZED_AUTOS = YES_AGGRESSIVE;
				GCC_WARN_UNUSED_FUNCTION = YES;
				GCC_WARN_UNUSED_VARIABLE = YES;
				IPHONEOS_DEPLOYMENT_TARGET = 15.5;
				MTL_ENABLE_DEBUG_INFO = INCLUDE_SOURCE;
				MTL_FAST_MATH = YES;
				ONLY_ACTIVE_ARCH = YES;
				SDKROOT = iphoneos;
				SWIFT_ACTIVE_COMPILATION_CONDITIONS = DEBUG;
				SWIFT_OPTIMIZATION_LEVEL = "-Onone";
			};
			name = Debug;
		};
		851E71FB29069D04008A3DE7 /* Release */ = {
			isa = XCBuildConfiguration;
			buildSettings = {
				ALWAYS_SEARCH_USER_PATHS = NO;
				CLANG_ANALYZER_NONNULL = YES;
				CLANG_ANALYZER_NUMBER_OBJECT_CONVERSION = YES_AGGRESSIVE;
				CLANG_CXX_LANGUAGE_STANDARD = "gnu++17";
				CLANG_ENABLE_MODULES = YES;
				CLANG_ENABLE_OBJC_ARC = YES;
				CLANG_ENABLE_OBJC_WEAK = YES;
				CLANG_WARN_BLOCK_CAPTURE_AUTORELEASING = YES;
				CLANG_WARN_BOOL_CONVERSION = YES;
				CLANG_WARN_COMMA = YES;
				CLANG_WARN_CONSTANT_CONVERSION = YES;
				CLANG_WARN_DEPRECATED_OBJC_IMPLEMENTATIONS = YES;
				CLANG_WARN_DIRECT_OBJC_ISA_USAGE = YES_ERROR;
				CLANG_WARN_DOCUMENTATION_COMMENTS = YES;
				CLANG_WARN_EMPTY_BODY = YES;
				CLANG_WARN_ENUM_CONVERSION = YES;
				CLANG_WARN_INFINITE_RECURSION = YES;
				CLANG_WARN_INT_CONVERSION = YES;
				CLANG_WARN_NON_LITERAL_NULL_CONVERSION = YES;
				CLANG_WARN_OBJC_IMPLICIT_RETAIN_SELF = YES;
				CLANG_WARN_OBJC_LITERAL_CONVERSION = YES;
				CLANG_WARN_OBJC_ROOT_CLASS = YES_ERROR;
				CLANG_WARN_QUOTED_INCLUDE_IN_FRAMEWORK_HEADER = YES;
				CLANG_WARN_RANGE_LOOP_ANALYSIS = YES;
				CLANG_WARN_STRICT_PROTOTYPES = YES;
				CLANG_WARN_SUSPICIOUS_MOVE = YES;
				CLANG_WARN_UNGUARDED_AVAILABILITY = YES_AGGRESSIVE;
				CLANG_WARN_UNREACHABLE_CODE = YES;
				CLANG_WARN__DUPLICATE_METHOD_MATCH = YES;
				COPY_PHASE_STRIP = NO;
				DEBUG_INFORMATION_FORMAT = "dwarf-with-dsym";
				ENABLE_NS_ASSERTIONS = NO;
				ENABLE_STRICT_OBJC_MSGSEND = YES;
				GCC_C_LANGUAGE_STANDARD = gnu11;
				GCC_NO_COMMON_BLOCKS = YES;
				GCC_WARN_64_TO_32_BIT_CONVERSION = YES;
				GCC_WARN_ABOUT_RETURN_TYPE = YES_ERROR;
				GCC_WARN_UNDECLARED_SELECTOR = YES;
				GCC_WARN_UNINITIALIZED_AUTOS = YES_AGGRESSIVE;
				GCC_WARN_UNUSED_FUNCTION = YES;
				GCC_WARN_UNUSED_VARIABLE = YES;
				IPHONEOS_DEPLOYMENT_TARGET = 15.5;
				MTL_ENABLE_DEBUG_INFO = NO;
				MTL_FAST_MATH = YES;
				SDKROOT = iphoneos;
				SWIFT_COMPILATION_MODE = wholemodule;
				SWIFT_OPTIMIZATION_LEVEL = "-O";
				VALIDATE_PRODUCT = YES;
			};
			name = Release;
		};
		851E71FD29069D04008A3DE7 /* Debug */ = {
			isa = XCBuildConfiguration;
			buildSettings = {
				ASSETCATALOG_COMPILER_APPICON_NAME = AppIcon;
				ASSETCATALOG_COMPILER_GLOBAL_ACCENT_COLOR_NAME = AccentColor;
				CODE_SIGN_STYLE = Automatic;
				CURRENT_PROJECT_VERSION = 1;
				DEVELOPMENT_TEAM = P29BZ53K6N;
				GENERATE_INFOPLIST_FILE = YES;
				INFOPLIST_FILE = Movies_mvp/Info.plist;
				INFOPLIST_KEY_UIApplicationSupportsIndirectInputEvents = YES;
				INFOPLIST_KEY_UILaunchStoryboardName = LaunchScreen;
				INFOPLIST_KEY_UIMainStoryboardFile = LaunchScreen;
				INFOPLIST_KEY_UISupportedInterfaceOrientations = UIInterfaceOrientationPortrait;
				INFOPLIST_KEY_UISupportedInterfaceOrientations_iPad = "UIInterfaceOrientationPortrait UIInterfaceOrientationPortraitUpsideDown UIInterfaceOrientationLandscapeLeft UIInterfaceOrientationLandscapeRight";
				INFOPLIST_KEY_UISupportedInterfaceOrientations_iPhone = "UIInterfaceOrientationPortrait UIInterfaceOrientationLandscapeLeft UIInterfaceOrientationLandscapeRight";
				LD_RUNPATH_SEARCH_PATHS = (
					"$(inherited)",
					"@executable_path/Frameworks",
				);
				MARKETING_VERSION = 1.0;
				PRODUCT_BUNDLE_IDENTIFIER = "sa.movies-mvc";
				PRODUCT_NAME = "$(TARGET_NAME)";
				SWIFT_EMIT_LOC_STRINGS = YES;
				SWIFT_VERSION = 5.0;
				TARGETED_DEVICE_FAMILY = 1;
			};
			name = Debug;
		};
		851E71FE29069D04008A3DE7 /* Release */ = {
			isa = XCBuildConfiguration;
			buildSettings = {
				ASSETCATALOG_COMPILER_APPICON_NAME = AppIcon;
				ASSETCATALOG_COMPILER_GLOBAL_ACCENT_COLOR_NAME = AccentColor;
				CODE_SIGN_STYLE = Automatic;
				CURRENT_PROJECT_VERSION = 1;
				DEVELOPMENT_TEAM = P29BZ53K6N;
				GENERATE_INFOPLIST_FILE = YES;
				INFOPLIST_FILE = Movies_mvp/Info.plist;
				INFOPLIST_KEY_UIApplicationSupportsIndirectInputEvents = YES;
				INFOPLIST_KEY_UILaunchStoryboardName = LaunchScreen;
				INFOPLIST_KEY_UIMainStoryboardFile = LaunchScreen;
				INFOPLIST_KEY_UISupportedInterfaceOrientations = UIInterfaceOrientationPortrait;
				INFOPLIST_KEY_UISupportedInterfaceOrientations_iPad = "UIInterfaceOrientationPortrait UIInterfaceOrientationPortraitUpsideDown UIInterfaceOrientationLandscapeLeft UIInterfaceOrientationLandscapeRight";
				INFOPLIST_KEY_UISupportedInterfaceOrientations_iPhone = "UIInterfaceOrientationPortrait UIInterfaceOrientationLandscapeLeft UIInterfaceOrientationLandscapeRight";
				LD_RUNPATH_SEARCH_PATHS = (
					"$(inherited)",
					"@executable_path/Frameworks",
				);
				MARKETING_VERSION = 1.0;
				PRODUCT_BUNDLE_IDENTIFIER = "sa.movies-mvc";
				PRODUCT_NAME = "$(TARGET_NAME)";
				SWIFT_EMIT_LOC_STRINGS = YES;
				SWIFT_VERSION = 5.0;
				TARGETED_DEVICE_FAMILY = 1;
			};
			name = Release;
		};
/* End XCBuildConfiguration section */

/* Begin XCConfigurationList section */
		851E71E329069D00008A3DE7 /* Build configuration list for PBXProject "Movies_mvp" */ = {
			isa = XCConfigurationList;
			buildConfigurations = (
				851E71FA29069D04008A3DE7 /* Debug */,
				851E71FB29069D04008A3DE7 /* Release */,
			);
			defaultConfigurationIsVisible = 0;
			defaultConfigurationName = Release;
		};
		851E71FC29069D04008A3DE7 /* Build configuration list for PBXNativeTarget "Movies_mvp" */ = {
			isa = XCConfigurationList;
			buildConfigurations = (
				851E71FD29069D04008A3DE7 /* Debug */,
				851E71FE29069D04008A3DE7 /* Release */,
			);
			defaultConfigurationIsVisible = 0;
			defaultConfigurationName = Release;
		};
/* End XCConfigurationList section */

/* Begin XCRemoteSwiftPackageReference section */
		8559417E296EEB33005751F2 /* XCRemoteSwiftPackageReference "realm-swift" */ = {
			isa = XCRemoteSwiftPackageReference;
			repositoryURL = "https://github.com/realm/realm-swift";
			requirement = {
				branch = master;
				kind = branch;
			};
		};
		855941A12970B1F6005751F2 /* XCRemoteSwiftPackageReference "KeychainAccess" */ = {
			isa = XCRemoteSwiftPackageReference;
			repositoryURL = "https://github.com/kishikawakatsumi/KeychainAccess";
			requirement = {
				branch = master;
				kind = branch;
			};
		};
		85D41993296C5F780065A8E8 /* XCRemoteSwiftPackageReference "Alamofire" */ = {
			isa = XCRemoteSwiftPackageReference;
			repositoryURL = "https://github.com/Alamofire/Alamofire.git";
			requirement = {
				branch = master;
				kind = branch;
			};
		};
		85D41996296C5FF40065A8E8 /* XCRemoteSwiftPackageReference "SwiftyJSON" */ = {
			isa = XCRemoteSwiftPackageReference;
			repositoryURL = "https://github.com/SwiftyJSON/SwiftyJSON";
			requirement = {
				kind = upToNextMajorVersion;
				minimumVersion = 5.0.0;
			};
		};
/* End XCRemoteSwiftPackageReference section */

/* Begin XCSwiftPackageProductDependency section */
		8559417F296EEB33005751F2 /* Realm */ = {
			isa = XCSwiftPackageProductDependency;
			package = 8559417E296EEB33005751F2 /* XCRemoteSwiftPackageReference "realm-swift" */;
			productName = Realm;
		};
		85594181296EEB33005751F2 /* RealmSwift */ = {
			isa = XCSwiftPackageProductDependency;
			package = 8559417E296EEB33005751F2 /* XCRemoteSwiftPackageReference "realm-swift" */;
			productName = RealmSwift;
		};
		855941A22970B1F6005751F2 /* KeychainAccess */ = {
			isa = XCSwiftPackageProductDependency;
			package = 855941A12970B1F6005751F2 /* XCRemoteSwiftPackageReference "KeychainAccess" */;
			productName = KeychainAccess;
		};
		85D41994296C5F780065A8E8 /* Alamofire */ = {
			isa = XCSwiftPackageProductDependency;
			package = 85D41993296C5F780065A8E8 /* XCRemoteSwiftPackageReference "Alamofire" */;
			productName = Alamofire;
		};
		85D41997296C5FF40065A8E8 /* SwiftyJSON */ = {
			isa = XCSwiftPackageProductDependency;
			package = 85D41996296C5FF40065A8E8 /* XCRemoteSwiftPackageReference "SwiftyJSON" */;
			productName = SwiftyJSON;
		};
/* End XCSwiftPackageProductDependency section */
	};
	rootObject = 851E71E029069D00008A3DE7 /* Project object */;
}
